// !$*UTF8*$!
{
	archiveVersion = 1;
	classes = {
	};
	objectVersion = 46;
	objects = {

/* Begin PBXBuildFile section */
		C45A43381D250F3C0046EF50 /* backgroundMusic.mp3 in Resources */ = {isa = PBXBuildFile; fileRef = C45A43331D250F3C0046EF50 /* backgroundMusic.mp3 */; };
		C45A43391D250F3C0046EF50 /* hitCat.wav in Resources */ = {isa = PBXBuildFile; fileRef = C45A43341D250F3C0046EF50 /* hitCat.wav */; };
		C45A433A1D250F3C0046EF50 /* hitCatLady.wav in Resources */ = {isa = PBXBuildFile; fileRef = C45A43351D250F3C0046EF50 /* hitCatLady.wav */; };
		C45A433B1D250F3C0046EF50 /* lose.wav in Resources */ = {isa = PBXBuildFile; fileRef = C45A43361D250F3C0046EF50 /* lose.wav */; };
		C45A433C1D250F3C0046EF50 /* win.wav in Resources */ = {isa = PBXBuildFile; fileRef = C45A43371D250F3C0046EF50 /* win.wav */; };
		C49341791D1903ED00132F31 /* AppDelegate.swift in Sources */ = {isa = PBXBuildFile; fileRef = C49341781D1903ED00132F31 /* AppDelegate.swift */; };
		C493417D1D1903ED00132F31 /* GameScene.swift in Sources */ = {isa = PBXBuildFile; fileRef = C493417C1D1903ED00132F31 /* GameScene.swift */; };
		C493417F1D1903ED00132F31 /* GameViewController.swift in Sources */ = {isa = PBXBuildFile; fileRef = C493417E1D1903ED00132F31 /* GameViewController.swift */; };
		C49341821D1903ED00132F31 /* Main.storyboard in Resources */ = {isa = PBXBuildFile; fileRef = C49341801D1903ED00132F31 /* Main.storyboard */; };
		C49341841D1903ED00132F31 /* Assets.xcassets in Resources */ = {isa = PBXBuildFile; fileRef = C49341831D1903ED00132F31 /* Assets.xcassets */; };
		C49341871D1903ED00132F31 /* LaunchScreen.storyboard in Resources */ = {isa = PBXBuildFile; fileRef = C49341851D1903ED00132F31 /* LaunchScreen.storyboard */; };
		C4DB26DB1D1B8BE000C32D0C /* MyUtils.swift in Sources */ = {isa = PBXBuildFile; fileRef = C4DB26DA1D1B8BE000C32D0C /* MyUtils.swift */; };
/* End PBXBuildFile section */

/* Begin PBXFileReference section */
		C45A43331D250F3C0046EF50 /* backgroundMusic.mp3 */ = {isa = PBXFileReference; lastKnownFileType = audio.mp3; name = backgroundMusic.mp3; path = resources/Sounds/backgroundMusic.mp3; sourceTree = "<group>"; };
		C45A43341D250F3C0046EF50 /* hitCat.wav */ = {isa = PBXFileReference; lastKnownFileType = audio.wav; name = hitCat.wav; path = resources/Sounds/hitCat.wav; sourceTree = "<group>"; };
		C45A43351D250F3C0046EF50 /* hitCatLady.wav */ = {isa = PBXFileReference; lastKnownFileType = audio.wav; name = hitCatLady.wav; path = resources/Sounds/hitCatLady.wav; sourceTree = "<group>"; };
		C45A43361D250F3C0046EF50 /* lose.wav */ = {isa = PBXFileReference; lastKnownFileType = audio.wav; name = lose.wav; path = resources/Sounds/lose.wav; sourceTree = "<group>"; };
		C45A43371D250F3C0046EF50 /* win.wav */ = {isa = PBXFileReference; lastKnownFileType = audio.wav; name = win.wav; path = resources/Sounds/win.wav; sourceTree = "<group>"; };
		C49341751D1903ED00132F31 /* ZombieConga.app */ = {isa = PBXFileReference; explicitFileType = wrapper.application; includeInIndex = 0; path = ZombieConga.app; sourceTree = BUILT_PRODUCTS_DIR; };
		C49341781D1903ED00132F31 /* AppDelegate.swift */ = {isa = PBXFileReference; lastKnownFileType = sourcecode.swift; path = AppDelegate.swift; sourceTree = "<group>"; };
		C493417C1D1903ED00132F31 /* GameScene.swift */ = {isa = PBXFileReference; lastKnownFileType = sourcecode.swift; path = GameScene.swift; sourceTree = "<group>"; };
		C493417E1D1903ED00132F31 /* GameViewController.swift */ = {isa = PBXFileReference; lastKnownFileType = sourcecode.swift; path = GameViewController.swift; sourceTree = "<group>"; };
		C49341811D1903ED00132F31 /* Base */ = {isa = PBXFileReference; lastKnownFileType = file.storyboard; name = Base; path = Base.lproj/Main.storyboard; sourceTree = "<group>"; };
		C49341831D1903ED00132F31 /* Assets.xcassets */ = {isa = PBXFileReference; lastKnownFileType = folder.assetcatalog; path = Assets.xcassets; sourceTree = "<group>"; };
		C49341861D1903ED00132F31 /* Base */ = {isa = PBXFileReference; lastKnownFileType = file.storyboard; name = Base; path = Base.lproj/LaunchScreen.storyboard; sourceTree = "<group>"; };
		C49341881D1903ED00132F31 /* Info.plist */ = {isa = PBXFileReference; lastKnownFileType = text.plist.xml; path = Info.plist; sourceTree = "<group>"; };
		C4DB26DA1D1B8BE000C32D0C /* MyUtils.swift */ = {isa = PBXFileReference; fileEncoding = 4; lastKnownFileType = sourcecode.swift; path = MyUtils.swift; sourceTree = "<group>"; };
/* End PBXFileReference section */

/* Begin PBXFrameworksBuildPhase section */
		C49341721D1903ED00132F31 /* Frameworks */ = {
			isa = PBXFrameworksBuildPhase;
			buildActionMask = 2147483647;
			files = (
			);
			runOnlyForDeploymentPostprocessing = 0;
		};
/* End PBXFrameworksBuildPhase section */

/* Begin PBXGroup section */
		C45A43311D250EFD0046EF50 /* resources */ = {
			isa = PBXGroup;
			children = (
				C45A43321D250F2E0046EF50 /* sounds */,
			);
			name = resources;
			sourceTree = "<group>";
		};
		C45A43321D250F2E0046EF50 /* sounds */ = {
			isa = PBXGroup;
			children = (
				C45A43331D250F3C0046EF50 /* backgroundMusic.mp3 */,
				C45A43341D250F3C0046EF50 /* hitCat.wav */,
				C45A43351D250F3C0046EF50 /* hitCatLady.wav */,
				C45A43361D250F3C0046EF50 /* lose.wav */,
				C45A43371D250F3C0046EF50 /* win.wav */,
			);
			name = sounds;
			sourceTree = "<group>";
		};
		C493416C1D1903ED00132F31 = {
			isa = PBXGroup;
			children = (
				C49341771D1903ED00132F31 /* ZombieConga */,
				C49341761D1903ED00132F31 /* Products */,
			);
			sourceTree = "<group>";
		};
		C49341761D1903ED00132F31 /* Products */ = {
			isa = PBXGroup;
			children = (
				C49341751D1903ED00132F31 /* ZombieConga.app */,
			);
			name = Products;
			sourceTree = "<group>";
		};
		C49341771D1903ED00132F31 /* ZombieConga */ = {
			isa = PBXGroup;
			children = (
				C45A43311D250EFD0046EF50 /* resources */,
				C49341781D1903ED00132F31 /* AppDelegate.swift */,
				C493417C1D1903ED00132F31 /* GameScene.swift */,
				C493417E1D1903ED00132F31 /* GameViewController.swift */,
				C4DB26DA1D1B8BE000C32D0C /* MyUtils.swift */,
				C49341801D1903ED00132F31 /* Main.storyboard */,
				C49341831D1903ED00132F31 /* Assets.xcassets */,
				C49341851D1903ED00132F31 /* LaunchScreen.storyboard */,
				C49341881D1903ED00132F31 /* Info.plist */,
			);
			path = ZombieConga;
			sourceTree = "<group>";
		};
/* End PBXGroup section */

/* Begin PBXNativeTarget section */
		C49341741D1903ED00132F31 /* ZombieConga */ = {
			isa = PBXNativeTarget;
			buildConfigurationList = C493418B1D1903ED00132F31 /* Build configuration list for PBXNativeTarget "ZombieConga" */;
			buildPhases = (
				C49341711D1903ED00132F31 /* Sources */,
				C49341721D1903ED00132F31 /* Frameworks */,
				C49341731D1903ED00132F31 /* Resources */,
			);
			buildRules = (
			);
			dependencies = (
			);
			name = ZombieConga;
			productName = ZombieConga;
			productReference = C49341751D1903ED00132F31 /* ZombieConga.app */;
			productType = "com.apple.product-type.application";
		};
/* End PBXNativeTarget section */

/* Begin PBXProject section */
		C493416D1D1903ED00132F31 /* Project object */ = {
			isa = PBXProject;
			attributes = {
				LastSwiftUpdateCheck = 0730;
				LastUpgradeCheck = 0730;
				ORGANIZATIONNAME = JackMa;
				TargetAttributes = {
					C49341741D1903ED00132F31 = {
						CreatedOnToolsVersion = 7.3.1;
						DevelopmentTeam = 2658KK4JZ7;
					};
				};
			};
			buildConfigurationList = C49341701D1903ED00132F31 /* Build configuration list for PBXProject "ZombieConga" */;
			compatibilityVersion = "Xcode 3.2";
			developmentRegion = English;
			hasScannedForEncodings = 0;
			knownRegions = (
				en,
				Base,
			);
			mainGroup = C493416C1D1903ED00132F31;
			productRefGroup = C49341761D1903ED00132F31 /* Products */;
			projectDirPath = "";
			projectRoot = "";
			targets = (
				C49341741D1903ED00132F31 /* ZombieConga */,
			);
		};
/* End PBXProject section */

/* Begin PBXResourcesBuildPhase section */
		C49341731D1903ED00132F31 /* Resources */ = {
			isa = PBXResourcesBuildPhase;
			buildActionMask = 2147483647;
			files = (
				C49341871D1903ED00132F31 /* LaunchScreen.storyboard in Resources */,
				C45A433C1D250F3C0046EF50 /* win.wav in Resources */,
				C45A43391D250F3C0046EF50 /* hitCat.wav in Resources */,
				C49341841D1903ED00132F31 /* Assets.xcassets in Resources */,
				C45A433B1D250F3C0046EF50 /* lose.wav in Resources */,
				C45A433A1D250F3C0046EF50 /* hitCatLady.wav in Resources */,
				C45A43381D250F3C0046EF50 /* backgroundMusic.mp3 in Resources */,
				C49341821D1903ED00132F31 /* Main.storyboard in Resources */,
			);
			runOnlyForDeploymentPostprocessing = 0;
		};
/* End PBXResourcesBuildPhase section */

/* Begin PBXSourcesBuildPhase section */
		C49341711D1903ED00132F31 /* Sources */ = {
			isa = PBXSourcesBuildPhase;
			buildActionMask = 2147483647;
			files = (
				C493417D1D1903ED00132F31 /* GameScene.swift in Sources */,
				C493417F1D1903ED00132F31 /* GameViewController.swift in Sources */,
				C49341791D1903ED00132F31 /* AppDelegate.swift in Sources */,
				C4DB26DB1D1B8BE000C32D0C /* MyUtils.swift in Sources */,
			);
			runOnlyForDeploymentPostprocessing = 0;
		};
/* End PBXSourcesBuildPhase section */

/* Begin PBXVariantGroup section */
		C49341801D1903ED00132F31 /* Main.storyboard */ = {
			isa = PBXVariantGroup;
			children = (
				C49341811D1903ED00132F31 /* Base */,
			);
			name = Main.storyboard;
			sourceTree = "<group>";
		};
		C49341851D1903ED00132F31 /* LaunchScreen.storyboard */ = {
			isa = PBXVariantGroup;
			children = (
				C49341861D1903ED00132F31 /* Base */,
			);
			name = LaunchScreen.storyboard;
			sourceTree = "<group>";
		};
/* End PBXVariantGroup section */

/* Begin XCBuildConfiguration section */
		C49341891D1903ED00132F31 /* Debug */ = {
			isa = XCBuildConfiguration;
			buildSettings = {
				ALWAYS_SEARCH_USER_PATHS = NO;
				CLANG_ANALYZER_NONNULL = YES;
				CLANG_CXX_LANGUAGE_STANDARD = "gnu++0x";
				CLANG_CXX_LIBRARY = "libc++";
				CLANG_ENABLE_MODULES = YES;
				CLANG_ENABLE_OBJC_ARC = YES;
				CLANG_WARN_BOOL_CONVERSION = YES;
				CLANG_WARN_CONSTANT_CONVERSION = YES;
				CLANG_WARN_DIRECT_OBJC_ISA_USAGE = YES_ERROR;
				CLANG_WARN_EMPTY_BODY = YES;
				CLANG_WARN_ENUM_CONVERSION = YES;
				CLANG_WARN_INT_CONVERSION = YES;
				CLANG_WARN_OBJC_ROOT_CLASS = YES_ERROR;
				CLANG_WARN_UNREACHABLE_CODE = YES;
				CLANG_WARN__DUPLICATE_METHOD_MATCH = YES;
				"CODE_SIGN_IDENTITY[sdk=iphoneos*]" = "iPhone Developer";
				COPY_PHASE_STRIP = NO;
				DEBUG_INFORMATION_FORMAT = "dwarf-with-dsym";
				ENABLE_STRICT_OBJC_MSGSEND = YES;
				ENABLE_TESTABILITY = YES;
				GCC_C_LANGUAGE_STANDARD = gnu99;
				GCC_DYNAMIC_NO_PIC = NO;
				GCC_NO_COMMON_BLOCKS = YES;
				GCC_OPTIMIZATION_LEVEL = 0;
				GCC_PREPROCESSOR_DEFINITIONS = (
					"DEBUG=1",
					"$(inherited)",
				);
				GCC_WARN_64_TO_32_BIT_CONVERSION = YES;
				GCC_WARN_ABOUT_RETURN_TYPE = YES_ERROR;
				GCC_WARN_UNDECLARED_SELECTOR = YES;
				GCC_WARN_UNINITIALIZED_AUTOS = YES_AGGRESSIVE;
				GCC_WARN_UNUSED_FUNCTION = YES;
				GCC_WARN_UNUSED_VARIABLE = YES;
				IPHONEOS_DEPLOYMENT_TARGET = 9.3;
				MTL_ENABLE_DEBUG_INFO = YES;
				ONLY_ACTIVE_ARCH = YES;
				SDKROOT = iphoneos;
				SWIFT_OPTIMIZATION_LEVEL = "-Onone";
				TARGETED_DEVICE_FAMILY = "1,2";
			};
			name = Debug;
		};
		C493418A1D1903ED00132F31 /* Release */ = {
			isa = XCBuildConfiguration;
			buildSettings = {
				ALWAYS_SEARCH_USER_PATHS = NO;
				CLANG_ANALYZER_NONNULL = YES;
				CLANG_CXX_LANGUAGE_STANDARD = "gnu++0x";
				CLANG_CXX_LIBRARY = "libc++";
				CLANG_ENABLE_MODULES = YES;
				CLANG_ENABLE_OBJC_ARC = YES;
				CLANG_WARN_BOOL_CONVERSION = YES;
				CLANG_WARN_CONSTANT_CONVERSION = YES;
				CLANG_WARN_DIRECT_OBJC_ISA_USAGE = YES_ERROR;
				CLANG_WARN_EMPTY_BODY = YES;
				CLANG_WARN_ENUM_CONVERSION = YES;
				CLANG_WARN_INT_CONVERSION = YES;
				CLANG_WARN_OBJC_ROOT_CLASS = YES_ERROR;
				CLANG_WARN_UNREACHABLE_CODE = YES;
				CLANG_WARN__DUPLICATE_METHOD_MATCH = YES;
				"CODE_SIGN_IDENTITY[sdk=iphoneos*]" = "iPhone Developer";
				COPY_PHASE_STRIP = NO;
				DEBUG_INFORMATION_FORMAT = "dwarf-with-dsym";
				ENABLE_NS_ASSERTIONS = NO;
				ENABLE_STRICT_OBJC_MSGSEND = YES;
				GCC_C_LANGUAGE_STANDARD = gnu99;
				GCC_NO_COMMON_BLOCKS = YES;
				GCC_WARN_64_TO_32_BIT_CONVERSION = YES;
				GCC_WARN_ABOUT_RETURN_TYPE = YES_ERROR;
				GCC_WARN_UNDECLARED_SELECTOR = YES;
				GCC_WARN_UNINITIALIZED_AUTOS = YES_AGGRESSIVE;
				GCC_WARN_UNUSED_FUNCTION = YES;
				GCC_WARN_UNUSED_VARIABLE = YES;
				IPHONEOS_DEPLOYMENT_TARGET = 9.3;
				MTL_ENABLE_DEBUG_INFO = NO;
				SDKROOT = iphoneos;
				TARGETED_DEVICE_FAMILY = "1,2";
				VALIDATE_PRODUCT = YES;
			};
			name = Release;
		};
		C493418C1D1903ED00132F31 /* Debug */ = {
			isa = XCBuildConfiguration;
			buildSettings = {
				ASSETCATALOG_COMPILER_APPICON_NAME = AppIcon;
				CODE_SIGN_IDENTITY = "iPhone Developer";
				INFOPLIST_FILE = ZombieConga/Info.plist;
				LD_RUNPATH_SEARCH_PATHS = "$(inherited) @executable_path/Frameworks";
				PRODUCT_BUNDLE_IDENTIFIER = qq100858433.ZombieConga;
				PRODUCT_NAME = "$(TARGET_NAME)";
				TARGETED_DEVICE_FAMILY = "1,2";
			};
			name = Debug;
		};
		C493418D1D1903ED00132F31 /* Release */ = {
			isa = XCBuildConfiguration;
			buildSettings = {
				ASSETCATALOG_COMPILER_APPICON_NAME = AppIcon;
				CODE_SIGN_IDENTITY = "iPhone Developer";
				INFOPLIST_FILE = ZombieConga/Info.plist;
				LD_RUNPATH_SEARCH_PATHS = "$(inherited) @executable_path/Frameworks";
				PRODUCT_BUNDLE_IDENTIFIER = qq100858433.ZombieConga;
				PRODUCT_NAME = "$(TARGET_NAME)";
				TARGETED_DEVICE_FAMILY = "1,2";
			};
			name = Release;
		};
/* End XCBuildConfiguration section */

/* Begin XCConfigurationList section */
		C49341701D1903ED00132F31 /* Build configuration list for PBXProject "ZombieConga" */ = {
			isa = XCConfigurationList;
			buildConfigurations = (
				C49341891D1903ED00132F31 /* Debug */,
				C493418A1D1903ED00132F31 /* Release */,
			);
			defaultConfigurationIsVisible = 0;
			defaultConfigurationName = Release;
		};
		C493418B1D1903ED00132F31 /* Build configuration list for PBXNativeTarget "ZombieConga" */ = {
			isa = XCConfigurationList;
			buildConfigurations = (
				C493418C1D1903ED00132F31 /* Debug */,
				C493418D1D1903ED00132F31 /* Release */,
			);
			defaultConfigurationIsVisible = 0;
			defaultConfigurationName = Release;
		};
/* End XCConfigurationList section */
	};
	rootObject = C493416D1D1903ED00132F31 /* Project object */;
}
